
Microsoft Visual Studio Solution File, Format Version 12.00
# Visual Studio 2012
Project("{8BC9CEB8-8B4A-11D0-8D11-00A0C91BC942}") = "PocketSphinxAudio", "PocketSphinxAudio\PocketSphinxAudio.vcxproj", "{51CBEB7C-E0B4-488A-9DFA-D1153DAA03A1}"
EndProject
Project("{8BC9CEB8-8B4A-11D0-8D11-00A0C91BC942}") = "PocketSphinxNet", "PocketSphinxNet\PocketSphinxCPP.vcxproj", "{2337508D-660F-4629-BB3C-800771B7F210}"
EndProject
Project("{FAE04EC0-301F-11D3-BF4B-00C04F79EFBC}") = "PocketSphinxSharp", "PocketSphinxSharp\PocketSphinxSharp.csproj", "{D464107C-CC18-47B6-B02A-06676F1C815E}"
EndProject
Global
	GlobalSection(SolutionConfigurationPlatforms) = preSolution
		Debug|Any CPU = Debug|Any CPU
		Debug|Mixed Platforms = Debug|Mixed Platforms
		Debug|Win32 = Debug|Win32
		Debug|x64 = Debug|x64
		Debug|x86 = Debug|x86
		Release|Any CPU = Release|Any CPU
		Release|Mixed Platforms = Release|Mixed Platforms
		Release|Win32 = Release|Win32
		Release|x64 = Release|x64
		Release|x86 = Release|x86
	EndGlobalSection
	GlobalSection(ProjectConfigurationPlatforms) = postSolution
		{51CBEB7C-E0B4-488A-9DFA-D1153DAA03A1}.Debug|Any CPU.ActiveCfg = Debug|Win32
		{51CBEB7C-E0B4-488A-9DFA-D1153DAA03A1}.Debug|Mixed Platforms.ActiveCfg = Debug|Win32
		{51CBEB7C-E0B4-488A-9DFA-D1153DAA03A1}.Debug|Mixed Platforms.Build.0 = Debug|Win32
		{51CBEB7C-E0B4-488A-9DFA-D1153DAA03A1}.Debug|Win32.ActiveCfg = Debug|Win32
		{51CBEB7C-E0B4-488A-9DFA-D1153DAA03A1}.Debug|Win32.Build.0 = Debug|Win32
		{51CBEB7C-E0B4-488A-9DFA-D1153DAA03A1}.Debug|x64.ActiveCfg = Debug|Win32
		{51CBEB7C-E0B4-488A-9DFA-D1153DAA03A1}.Debug|x86.ActiveCfg = Debug|Win32
		{51CBEB7C-E0B4-488A-9DFA-D1153DAA03A1}.Debug|x86.Build.0 = Debug|Win32
		{51CBEB7C-E0B4-488A-9DFA-D1153DAA03A1}.Release|Any CPU.ActiveCfg = Release|Win32
		{51CBEB7C-E0B4-488A-9DFA-D1153DAA03A1}.Release|Mixed Platforms.ActiveCfg = Release|Win32
		{51CBEB7C-E0B4-488A-9DFA-D1153DAA03A1}.Release|Mixed Platforms.Build.0 = Release|Win32
		{51CBEB7C-E0B4-488A-9DFA-D1153DAA03A1}.Release|Win32.ActiveCfg = Release|Win32
		{51CBEB7C-E0B4-488A-9DFA-D1153DAA03A1}.Release|Win32.Build.0 = Release|Win32
		{51CBEB7C-E0B4-488A-9DFA-D1153DAA03A1}.Release|x64.ActiveCfg = Release|Win32
		{51CBEB7C-E0B4-488A-9DFA-D1153DAA03A1}.Release|x86.ActiveCfg = Release|Win32
		{51CBEB7C-E0B4-488A-9DFA-D1153DAA03A1}.Release|x86.Build.0 = Release|Win32
		{2337508D-660F-4629-BB3C-800771B7F210}.Debug|Any CPU.ActiveCfg = Debug|Win32
		{2337508D-660F-4629-BB3C-800771B7F210}.Debug|Mixed Platforms.ActiveCfg = Debug|Win32
		{2337508D-660F-4629-BB3C-800771B7F210}.Debug|Mixed Platforms.Build.0 = Debug|Win32
		{2337508D-660F-4629-BB3C-800771B7F210}.Debug|Win32.ActiveCfg = Debug|Win32
		{2337508D-660F-4629-BB3C-800771B7F210}.Debug|Win32.Build.0 = Debug|Win32
		{2337508D-660F-4629-BB3C-800771B7F210}.Debug|x64.ActiveCfg = Debug|x64
		{2337508D-660F-4629-BB3C-800771B7F210}.Debug|x64.Build.0 = Debug|x64
		{2337508D-660F-4629-BB3C-800771B7F210}.Debug|x86.ActiveCfg = Debug|Win32
		{2337508D-660F-4629-BB3C-800771B7F210}.Debug|x86.Build.0 = Debug|Win32
		{2337508D-660F-4629-BB3C-800771B7F210}.Release|Any CPU.ActiveCfg = Release|Win32
		{2337508D-660F-4629-BB3C-800771B7F210}.Release|Mixed Platforms.ActiveCfg = Release|Win32
		{2337508D-660F-4629-BB3C-800771B7F210}.Release|Mixed Platforms.Build.0 = Release|Win32
		{2337508D-660F-4629-BB3C-800771B7F210}.Release|Win32.ActiveCfg = Release|Win32
		{2337508D-660F-4629-BB3C-800771B7F210}.Release|Win32.Build.0 = Release|Win32
		{2337508D-660F-4629-BB3C-800771B7F210}.Release|x64.ActiveCfg = Release|x64
		{2337508D-660F-4629-BB3C-800771B7F210}.Release|x64.Build.0 = Release|x64
		{2337508D-660F-4629-BB3C-800771B7F210}.Release|x86.ActiveCfg = Release|Win32
		{2337508D-660F-4629-BB3C-800771B7F210}.Release|x86.Build.0 = Release|Win32
		{D464107C-CC18-47B6-B02A-06676F1C815E}.Debug|Any CPU.ActiveCfg = Debug|Any CPU
		{D464107C-CC18-47B6-B02A-06676F1C815E}.Debug|Any CPU.Build.0 = Debug|Any CPU
		{D464107C-CC18-47B6-B02A-06676F1C815E}.Debug|Mixed Platforms.ActiveCfg = Debug|x86
		{D464107C-CC18-47B6-B02A-06676F1C815E}.Debug|Mixed Platforms.Build.0 = Debug|x86
		{D464107C-CC18-47B6-B02A-06676F1C815E}.Debug|Win32.ActiveCfg = Debug|x86
		{D464107C-CC18-47B6-B02A-06676F1C815E}.Debug|Win32.Build.0 = Debug|x86
		{D464107C-CC18-47B6-B02A-06676F1C815E}.Debug|x64.ActiveCfg = Debug|x64
		{D464107C-CC18-47B6-B02A-06676F1C815E}.Debug|x64.Build.0 = Debug|x64
		{D464107C-CC18-47B6-B02A-06676F1C815E}.Debug|x86.ActiveCfg = Debug|x86
		{D464107C-CC18-47B6-B02A-06676F1C815E}.Debug|x86.Build.0 = Debug|x86
		{D464107C-CC18-47B6-B02A-06676F1C815E}.Release|Any CPU.ActiveCfg = Release|Any CPU
		{D464107C-CC18-47B6-B02A-06676F1C815E}.Release|Any CPU.Build.0 = Release|Any CPU
		{D464107C-CC18-47B6-B02A-06676F1C815E}.Release|Mixed Platforms.ActiveCfg = Release|x86
		{D464107C-CC18-47B6-B02A-06676F1C815E}.Release|Mixed Platforms.Build.0 = Release|x86
		{D464107C-CC18-47B6-B02A-06676F1C815E}.Release|Win32.ActiveCfg = Release|x86
		{D464107C-CC18-47B6-B02A-06676F1C815E}.Release|Win32.Build.0 = Release|x86
		{D464107C-CC18-47B6-B02A-06676F1C815E}.Release|x64.ActiveCfg = Release|x64
		{D464107C-CC18-47B6-B02A-06676F1C815E}.Release|x64.Build.0 = Release|x64
		{D464107C-CC18-47B6-B02A-06676F1C815E}.Release|x86.ActiveCfg = Release|x86
		{D464107C-CC18-47B6-B02A-06676F1C815E}.Release|x86.Build.0 = Release|x86
	EndGlobalSection
	GlobalSection(SolutionProperties) = preSolution
		HideSolutionNode = FALSE
	EndGlobalSection
EndGlobal
